
Microsoft Visual Studio Solution File, Format Version 12.00
# Visual Studio Version 16
VisualStudioVersion = 16.0.29418.71
MinimumVisualStudioVersion = 10.0.40219.1
Project("{FAE04EC0-301F-11D3-BF4B-00C04F79EFBC}") = "ConsoleMenu", "ConsoleMenu\ConsoleMenu.csproj", "{7448FD9B-73D8-4C95-863F-FEE8A16ECAAC}"
EndProject
Project("{FAE04EC0-301F-11D3-BF4B-00C04F79EFBC}") = "ConsoleMenuDemo", "ConsoleMenuDemo\ConsoleMenuDemo.csproj", "{BD5B980E-3156-4265-9CD1-2D68D0E74E56}"
EndProject
Global
	GlobalSection(SolutionConfigurationPlatforms) = preSolution
		Debug|Any CPU = Debug|Any CPU
		Release|Any CPU = Release|Any CPU
	EndGlobalSection
	GlobalSection(ProjectConfigurationPlatforms) = postSolution
		{7448FD9B-73D8-4C95-863F-FEE8A16ECAAC}.Debug|Any CPU.ActiveCfg = Debug|Any CPU
		{7448FD9B-73D8-4C95-863F-FEE8A16ECAAC}.Debug|Any CPU.Build.0 = Debug|Any CPU
		{7448FD9B-73D8-4C95-863F-FEE8A16ECAAC}.Release|Any CPU.ActiveCfg = Release|Any CPU
		{7448FD9B-73D8-4C95-863F-FEE8A16ECAAC}.Release|Any CPU.Build.0 = Release|Any CPU
		{BD5B980E-3156-4265-9CD1-2D68D0E74E56}.Debug|Any CPU.ActiveCfg = Debug|Any CPU
		{BD5B980E-3156-4265-9CD1-2D68D0E74E56}.Debug|Any CPU.Build.0 = Debug|Any CPU
		{BD5B980E-3156-4265-9CD1-2D68D0E74E56}.Release|Any CPU.ActiveCfg = Release|Any CPU
		{BD5B980E-3156-4265-9CD1-2D68D0E74E56}.Release|Any CPU.Build.0 = Release|Any CPU
	EndGlobalSection
	GlobalSection(SolutionProperties) = preSolution
		HideSolutionNode = FALSE
	EndGlobalSection
	GlobalSection(ExtensibilityGlobals) = postSolution
		SolutionGuid = {FB7EA244-7E17-4706-8115-5C4130706C69}
	EndGlobalSection
EndGlobal
